
Microsoft Visual Studio Solution File, Format Version 12.00
# Visual Studio 14
VisualStudioVersion = 14.0.25420.1
MinimumVisualStudioVersion = 10.0.40219.1
Project("{2150E333-8FDC-42A3-9474-1A3956D46DE8}") = "src", "src", "{D5739699-3634-45CC-889B-31F99EB74537}"
EndProject
Project("{2150E333-8FDC-42A3-9474-1A3956D46DE8}") = "Solution Items", "Solution Items", "{3E7C01F4-1EA4-4222-BC70-702EE69E2313}"
	ProjectSection(SolutionItems) = preProject
		global.json = global.json
	EndProjectSection
EndProject
Project("{8BB2217D-0F2D-49D1-97BC-3654ED321F3B}") = "StrawberrySass", "src\StrawberrySass\StrawberrySass.xproj", "{987EEFF0-C437-47F6-AE6C-31CC91267845}"
EndProject
Global
	GlobalSection(SolutionConfigurationPlatforms) = preSolution
		Debug|Any CPU = Debug|Any CPU
		Release|Any CPU = Release|Any CPU
	EndGlobalSection
	GlobalSection(ProjectConfigurationPlatforms) = postSolution
		{987EEFF0-C437-47F6-AE6C-31CC91267845}.Debug|Any CPU.ActiveCfg = Debug|Any CPU
		{987EEFF0-C437-47F6-AE6C-31CC91267845}.Debug|Any CPU.Build.0 = Debug|Any CPU
		{987EEFF0-C437-47F6-AE6C-31CC91267845}.Release|Any CPU.ActiveCfg = Release|Any CPU
		{987EEFF0-C437-47F6-AE6C-31CC91267845}.Release|Any CPU.Build.0 = Release|Any CPU
	EndGlobalSection
	GlobalSection(SolutionProperties) = preSolution
		HideSolutionNode = FALSE
	EndGlobalSection
	GlobalSection(NestedProjects) = preSolution
		{987EEFF0-C437-47F6-AE6C-31CC91267845} = {D5739699-3634-45CC-889B-31F99EB74537}
	EndGlobalSection
EndGlobal
